
Microsoft Visual Studio Solution File, Format Version 12.00
Project("{FAE04EC0-301F-11D3-BF4B-00C04F79EFBC}") = "AwaitFuscator.Sample", "samples\AwaitFuscator.Sample\AwaitFuscator.Sample.csproj", "{DF08E472-31D8-4DE3-9341-F4249F2F64D8}"
EndProject
Project("{FAE04EC0-301F-11D3-BF4B-00C04F79EFBC}") = "AwaitFuscator.Playground", "samples\AwaitFuscator.Playground\AwaitFuscator.Playground.csproj", "{6AA18698-9892-488F-B446-D5292C934A4E}"
EndProject
Project("{FAE04EC0-301F-11D3-BF4B-00C04F79EFBC}") = "AwaitFuscator", "src\AwaitFuscator\AwaitFuscator.csproj", "{19661810-1E96-4507-B91E-AADBBA7ED979}"
EndProject
Project("{2150E333-8FDC-42A3-9474-1A3956D46DE8}") = "src", "src", "{7EA4A039-BF3C-4316-A6A0-5BD3D2B3CB72}"
EndProject
Project("{2150E333-8FDC-42A3-9474-1A3956D46DE8}") = "deps", "deps", "{108E9E47-3A1E-4D4C-BD9D-FD214A9E812E}"
EndProject
Project("{2150E333-8FDC-42A3-9474-1A3956D46DE8}") = "samples", "samples", "{7C6ACA1F-9C7A-4BBD-8ECF-5740529C79E8}"
EndProject
Project("{FAE04EC0-301F-11D3-BF4B-00C04F79EFBC}") = "Echo.Platforms.AsmResolver", "deps\Echo\src\Platforms\Echo.Platforms.AsmResolver\Echo.Platforms.AsmResolver.csproj", "{BA40D772-47F2-4B42-96BC-31ECA0568D2B}"
EndProject
Project("{FAE04EC0-301F-11D3-BF4B-00C04F79EFBC}") = "Echo", "deps\Echo\src\Core\Echo\Echo.csproj", "{05B0806B-0528-4CA5-B88E-60EC28076D30}"
EndProject
Project("{FAE04EC0-301F-11D3-BF4B-00C04F79EFBC}") = "Echo.Ast", "deps\Echo\src\Core\Echo.Ast\Echo.Ast.csproj", "{18F2F7AB-A57A-4638-A5D5-D068A4E13474}"
EndProject
Project("{FAE04EC0-301F-11D3-BF4B-00C04F79EFBC}") = "Echo.ControlFlow", "deps\Echo\src\Core\Echo.ControlFlow\Echo.ControlFlow.csproj", "{8E1B175F-ACF4-4762-A88B-D239FB8D3F5B}"
EndProject
Project("{FAE04EC0-301F-11D3-BF4B-00C04F79EFBC}") = "Echo.DataFlow", "deps\Echo\src\Core\Echo.DataFlow\Echo.DataFlow.csproj", "{2F145165-973C-4316-A128-E9F8716E6C06}"
EndProject
Global
	GlobalSection(SolutionConfigurationPlatforms) = preSolution
		Debug|Any CPU = Debug|Any CPU
		Release|Any CPU = Release|Any CPU
	EndGlobalSection
	GlobalSection(ProjectConfigurationPlatforms) = postSolution
		{DF08E472-31D8-4DE3-9341-F4249F2F64D8}.Debug|Any CPU.ActiveCfg = Debug|Any CPU
		{DF08E472-31D8-4DE3-9341-F4249F2F64D8}.Debug|Any CPU.Build.0 = Debug|Any CPU
		{DF08E472-31D8-4DE3-9341-F4249F2F64D8}.Release|Any CPU.ActiveCfg = Release|Any CPU
		{DF08E472-31D8-4DE3-9341-F4249F2F64D8}.Release|Any CPU.Build.0 = Release|Any CPU
		{6AA18698-9892-488F-B446-D5292C934A4E}.Debug|Any CPU.ActiveCfg = Debug|Any CPU
		{6AA18698-9892-488F-B446-D5292C934A4E}.Debug|Any CPU.Build.0 = Debug|Any CPU
		{6AA18698-9892-488F-B446-D5292C934A4E}.Release|Any CPU.ActiveCfg = Release|Any CPU
		{6AA18698-9892-488F-B446-D5292C934A4E}.Release|Any CPU.Build.0 = Release|Any CPU
		{19661810-1E96-4507-B91E-AADBBA7ED979}.Debug|Any CPU.ActiveCfg = Debug|Any CPU
		{19661810-1E96-4507-B91E-AADBBA7ED979}.Debug|Any CPU.Build.0 = Debug|Any CPU
		{19661810-1E96-4507-B91E-AADBBA7ED979}.Release|Any CPU.ActiveCfg = Release|Any CPU
		{19661810-1E96-4507-B91E-AADBBA7ED979}.Release|Any CPU.Build.0 = Release|Any CPU
		{BA40D772-47F2-4B42-96BC-31ECA0568D2B}.Debug|Any CPU.ActiveCfg = Debug|Any CPU
		{BA40D772-47F2-4B42-96BC-31ECA0568D2B}.Debug|Any CPU.Build.0 = Debug|Any CPU
		{BA40D772-47F2-4B42-96BC-31ECA0568D2B}.Release|Any CPU.ActiveCfg = Release|Any CPU
		{BA40D772-47F2-4B42-96BC-31ECA0568D2B}.Release|Any CPU.Build.0 = Release|Any CPU
		{05B0806B-0528-4CA5-B88E-60EC28076D30}.Debug|Any CPU.ActiveCfg = Debug|Any CPU
		{05B0806B-0528-4CA5-B88E-60EC28076D30}.Debug|Any CPU.Build.0 = Debug|Any CPU
		{05B0806B-0528-4CA5-B88E-60EC28076D30}.Release|Any CPU.ActiveCfg = Release|Any CPU
		{05B0806B-0528-4CA5-B88E-60EC28076D30}.Release|Any CPU.Build.0 = Release|Any CPU
		{18F2F7AB-A57A-4638-A5D5-D068A4E13474}.Debug|Any CPU.ActiveCfg = Debug|Any CPU
		{18F2F7AB-A57A-4638-A5D5-D068A4E13474}.Debug|Any CPU.Build.0 = Debug|Any CPU
		{18F2F7AB-A57A-4638-A5D5-D068A4E13474}.Release|Any CPU.ActiveCfg = Release|Any CPU
		{18F2F7AB-A57A-4638-A5D5-D068A4E13474}.Release|Any CPU.Build.0 = Release|Any CPU
		{8E1B175F-ACF4-4762-A88B-D239FB8D3F5B}.Debug|Any CPU.ActiveCfg = Debug|Any CPU
		{8E1B175F-ACF4-4762-A88B-D239FB8D3F5B}.Debug|Any CPU.Build.0 = Debug|Any CPU
		{8E1B175F-ACF4-4762-A88B-D239FB8D3F5B}.Release|Any CPU.ActiveCfg = Release|Any CPU
		{8E1B175F-ACF4-4762-A88B-D239FB8D3F5B}.Release|Any CPU.Build.0 = Release|Any CPU
		{2F145165-973C-4316-A128-E9F8716E6C06}.Debug|Any CPU.ActiveCfg = Debug|Any CPU
		{2F145165-973C-4316-A128-E9F8716E6C06}.Debug|Any CPU.Build.0 = Debug|Any CPU
		{2F145165-973C-4316-A128-E9F8716E6C06}.Release|Any CPU.ActiveCfg = Release|Any CPU
		{2F145165-973C-4316-A128-E9F8716E6C06}.Release|Any CPU.Build.0 = Release|Any CPU
	EndGlobalSection
	GlobalSection(NestedProjects) = preSolution
		{6AA18698-9892-488F-B446-D5292C934A4E} = {7C6ACA1F-9C7A-4BBD-8ECF-5740529C79E8}
		{DF08E472-31D8-4DE3-9341-F4249F2F64D8} = {7C6ACA1F-9C7A-4BBD-8ECF-5740529C79E8}
		{19661810-1E96-4507-B91E-AADBBA7ED979} = {7EA4A039-BF3C-4316-A6A0-5BD3D2B3CB72}
		{BA40D772-47F2-4B42-96BC-31ECA0568D2B} = {108E9E47-3A1E-4D4C-BD9D-FD214A9E812E}
		{05B0806B-0528-4CA5-B88E-60EC28076D30} = {108E9E47-3A1E-4D4C-BD9D-FD214A9E812E}
		{18F2F7AB-A57A-4638-A5D5-D068A4E13474} = {108E9E47-3A1E-4D4C-BD9D-FD214A9E812E}
		{8E1B175F-ACF4-4762-A88B-D239FB8D3F5B} = {108E9E47-3A1E-4D4C-BD9D-FD214A9E812E}
		{2F145165-973C-4316-A128-E9F8716E6C06} = {108E9E47-3A1E-4D4C-BD9D-FD214A9E812E}
	EndGlobalSection
EndGlobal
